
Microsoft Visual Studio Solution File, Format Version 12.00
# Visual Studio Version 16
VisualStudioVersion = 16.0.30225.117
MinimumVisualStudioVersion = 15.0.26124.0
Project("{9A19103F-16F7-4668-BE54-9A1E7A4F7556}") = "Singulink.Net.Dhcp", "Singulink.Net.Dhcp\Singulink.Net.Dhcp.csproj", "{C2C10402-F945-4DCB-9176-957469BE057B}"
EndProject
Project("{2150E333-8FDC-42A3-9474-1A3956D46DE8}") = "Solution Items", "Solution Items", "{DB724A28-711C-475F-9B37-F60B16102CC9}"
	ProjectSection(SolutionItems) = preProject
		.editorconfig = .editorconfig
		Directory.Build.props = Directory.Build.props
	EndProjectSection
EndProject
Global
	GlobalSection(SolutionConfigurationPlatforms) = preSolution
		Debug|Any CPU = Debug|Any CPU
		Debug|x64 = Debug|x64
		Debug|x86 = Debug|x86
		Release|Any CPU = Release|Any CPU
		Release|x64 = Release|x64
		Release|x86 = Release|x86
	EndGlobalSection
	GlobalSection(ProjectConfigurationPlatforms) = postSolution
		{C2C10402-F945-4DCB-9176-957469BE057B}.Debug|Any CPU.ActiveCfg = Debug|Any CPU
		{C2C10402-F945-4DCB-9176-957469BE057B}.Debug|Any CPU.Build.0 = Debug|Any CPU
		{C2C10402-F945-4DCB-9176-957469BE057B}.Debug|x64.ActiveCfg = Debug|Any CPU
		{C2C10402-F945-4DCB-9176-957469BE057B}.Debug|x64.Build.0 = Debug|Any CPU
		{C2C10402-F945-4DCB-9176-957469BE057B}.Debug|x86.ActiveCfg = Debug|Any CPU
		{C2C10402-F945-4DCB-9176-957469BE057B}.Debug|x86.Build.0 = Debug|Any CPU
		{C2C10402-F945-4DCB-9176-957469BE057B}.Release|Any CPU.ActiveCfg = Release|Any CPU
		{C2C10402-F945-4DCB-9176-957469BE057B}.Release|Any CPU.Build.0 = Release|Any CPU
		{C2C10402-F945-4DCB-9176-957469BE057B}.Release|x64.ActiveCfg = Release|Any CPU
		{C2C10402-F945-4DCB-9176-957469BE057B}.Release|x64.Build.0 = Release|Any CPU
		{C2C10402-F945-4DCB-9176-957469BE057B}.Release|x86.ActiveCfg = Release|Any CPU
		{C2C10402-F945-4DCB-9176-957469BE057B}.Release|x86.Build.0 = Release|Any CPU
	EndGlobalSection
	GlobalSection(SolutionProperties) = preSolution
		HideSolutionNode = FALSE
	EndGlobalSection
	GlobalSection(ExtensibilityGlobals) = postSolution
		SolutionGuid = {3CE7FC19-8578-4BB8-8ABE-FE37838751A9}
	EndGlobalSection
EndGlobal
